
Microsoft Visual Studio Solution File, Format Version 12.00
# Visual Studio Version 17
VisualStudioVersion = 17.5.33424.131
MinimumVisualStudioVersion = 10.0.40219.1
Project("{8BC9CEB8-8B4A-11D0-8D11-00A0C91BC942}") = "exes_2_047_A", "exes_2_047_A\exes_2_047_A.vcxproj", "{1CE63281-299E-49F1-A6BC-A4CA728101CC}"
EndProject
Project("{8BC9CEB8-8B4A-11D0-8D11-00A0C91BC942}") = "a", "a\a.vcxproj", "{767B3308-242A-429F-9C17-EDF624FD145D}"
EndProject
Global
	GlobalSection(SolutionConfigurationPlatforms) = preSolution
		Debug|x64 = Debug|x64
		Debug|x86 = Debug|x86
		Release|x64 = Release|x64
		Release|x86 = Release|x86
	EndGlobalSection
	GlobalSection(ProjectConfigurationPlatforms) = postSolution
		{1CE63281-299E-49F1-A6BC-A4CA728101CC}.Debug|x64.ActiveCfg = Debug|x64
		{1CE63281-299E-49F1-A6BC-A4CA728101CC}.Debug|x64.Build.0 = Debug|x64
		{1CE63281-299E-49F1-A6BC-A4CA728101CC}.Debug|x86.ActiveCfg = Debug|Win32
		{1CE63281-299E-49F1-A6BC-A4CA728101CC}.Debug|x86.Build.0 = Debug|Win32
		{1CE63281-299E-49F1-A6BC-A4CA728101CC}.Release|x64.ActiveCfg = Release|x64
		{1CE63281-299E-49F1-A6BC-A4CA728101CC}.Release|x64.Build.0 = Release|x64
		{1CE63281-299E-49F1-A6BC-A4CA728101CC}.Release|x86.ActiveCfg = Release|Win32
		{1CE63281-299E-49F1-A6BC-A4CA728101CC}.Release|x86.Build.0 = Release|Win32
		{767B3308-242A-429F-9C17-EDF624FD145D}.Debug|x64.ActiveCfg = Debug|x64
		{767B3308-242A-429F-9C17-EDF624FD145D}.Debug|x64.Build.0 = Debug|x64
		{767B3308-242A-429F-9C17-EDF624FD145D}.Debug|x86.ActiveCfg = Debug|Win32
		{767B3308-242A-429F-9C17-EDF624FD145D}.Debug|x86.Build.0 = Debug|Win32
		{767B3308-242A-429F-9C17-EDF624FD145D}.Release|x64.ActiveCfg = Release|x64
		{767B3308-242A-429F-9C17-EDF624FD145D}.Release|x64.Build.0 = Release|x64
		{767B3308-242A-429F-9C17-EDF624FD145D}.Release|x86.ActiveCfg = Release|Win32
		{767B3308-242A-429F-9C17-EDF624FD145D}.Release|x86.Build.0 = Release|Win32
	EndGlobalSection
	GlobalSection(SolutionProperties) = preSolution
		HideSolutionNode = FALSE
	EndGlobalSection
	GlobalSection(ExtensibilityGlobals) = postSolution
		SolutionGuid = {BA00E600-2DC2-4343-98C0-2332058C8ACD}
	EndGlobalSection
EndGlobal
